
Microsoft Visual Studio Solution File, Format Version 12.00
Project("{FAE04EC0-301F-11D3-BF4B-00C04F79EFBC}") = "DotNetSca", "DotNetSca\DotNetSca.csproj", "{22D2CDE4-3BF2-4E21-9070-372B7183589C}"
EndProject
Project("{2150E333-8FDC-42A3-9474-1A3956D46DE8}") = "Test", "Test", "{6C24A6B5-7825-43FA-AA21-53E7BBF12CC4}"
EndProject
Project("{FAE04EC0-301F-11D3-BF4B-00C04F79EFBC}") = "TestConsole", "TestConsole\TestConsole.csproj", "{5672AA40-7646-4CBF-87B6-2A50201956D3}"
EndProject
Project("{FAE04EC0-301F-11D3-BF4B-00C04F79EFBC}") = "NuGetLoader", "NuGetLoader\NuGetLoader.csproj", "{2535F8E1-1468-46C8-81DB-03B97221B860}"
EndProject
Project("{2150E333-8FDC-42A3-9474-1A3956D46DE8}") = "Lib", "Lib", "{B03C6F78-D2ED-4446-A08A-B55F4A3A75C9}"
EndProject
Project("{2150E333-8FDC-42A3-9474-1A3956D46DE8}") = "Client", "Client", "{D6F6AF7F-E229-4936-977B-36E289133B37}"
EndProject
Project("{2150E333-8FDC-42A3-9474-1A3956D46DE8}") = "Server", "Server", "{2665B517-A8C5-41DF-A9A0-4B0A1E10AA0F}"
EndProject
Project("{FAE04EC0-301F-11D3-BF4B-00C04F79EFBC}") = "ScaApi", "ScaApi\ScaApi.csproj", "{75B3B489-E652-4160-A6D6-D3763862AC8C}"
EndProject
Project("{FAE04EC0-301F-11D3-BF4B-00C04F79EFBC}") = "ScaWeb", "ScaWeb\ScaWeb.csproj", "{8AA5B737-57B6-4FD2-A7A9-F792002033A0}"
EndProject
Project("{FAE04EC0-301F-11D3-BF4B-00C04F79EFBC}") = "DotNetScaServerData", "DotNetScaServerData\DotNetScaServerData.csproj", "{18635E2C-62D8-4241-AF33-C6549B1F9AA6}"
EndProject
Project("{FAE04EC0-301F-11D3-BF4B-00C04F79EFBC}") = "NuGetWorkerService", "NuGetWorkerService\NuGetWorkerService.csproj", "{DE4012EA-2AD4-429F-8B33-CBB64C1DEBF6}"
EndProject
Project("{FAE04EC0-301F-11D3-BF4B-00C04F79EFBC}") = "Helpers", "Helpers\Helpers.csproj", "{6192B666-B61A-4D83-8901-A8A05BA8E072}"
EndProject
Project("{FAE04EC0-301F-11D3-BF4B-00C04F79EFBC}") = "ScaWebAngular", "ScaWebAngular\ScaWebAngular.csproj", "{E82434B7-1210-4AF7-9141-0F98B4DDFA40}"
EndProject
Project("{2150E333-8FDC-42A3-9474-1A3956D46DE8}") = "Shared", "Shared", "{ECF5197F-102E-4223-819B-4D8B144BED4B}"
EndProject
Project("{FAE04EC0-301F-11D3-BF4B-00C04F79EFBC}") = "Shared", "Shared\Shared.csproj", "{22108424-FB08-46B6-887A-E0F3303FD876}"
EndProject
Global
	GlobalSection(SolutionConfigurationPlatforms) = preSolution
		Debug|Any CPU = Debug|Any CPU
		Release|Any CPU = Release|Any CPU
	EndGlobalSection
	GlobalSection(ProjectConfigurationPlatforms) = postSolution
		{22D2CDE4-3BF2-4E21-9070-372B7183589C}.Debug|Any CPU.ActiveCfg = Debug|Any CPU
		{22D2CDE4-3BF2-4E21-9070-372B7183589C}.Debug|Any CPU.Build.0 = Debug|Any CPU
		{22D2CDE4-3BF2-4E21-9070-372B7183589C}.Release|Any CPU.ActiveCfg = Release|Any CPU
		{22D2CDE4-3BF2-4E21-9070-372B7183589C}.Release|Any CPU.Build.0 = Release|Any CPU
		{5672AA40-7646-4CBF-87B6-2A50201956D3}.Debug|Any CPU.ActiveCfg = Debug|Any CPU
		{5672AA40-7646-4CBF-87B6-2A50201956D3}.Debug|Any CPU.Build.0 = Debug|Any CPU
		{5672AA40-7646-4CBF-87B6-2A50201956D3}.Release|Any CPU.ActiveCfg = Release|Any CPU
		{5672AA40-7646-4CBF-87B6-2A50201956D3}.Release|Any CPU.Build.0 = Release|Any CPU
		{2535F8E1-1468-46C8-81DB-03B97221B860}.Debug|Any CPU.ActiveCfg = Debug|Any CPU
		{2535F8E1-1468-46C8-81DB-03B97221B860}.Debug|Any CPU.Build.0 = Debug|Any CPU
		{2535F8E1-1468-46C8-81DB-03B97221B860}.Release|Any CPU.ActiveCfg = Release|Any CPU
		{2535F8E1-1468-46C8-81DB-03B97221B860}.Release|Any CPU.Build.0 = Release|Any CPU
		{75B3B489-E652-4160-A6D6-D3763862AC8C}.Debug|Any CPU.ActiveCfg = Debug|Any CPU
		{75B3B489-E652-4160-A6D6-D3763862AC8C}.Debug|Any CPU.Build.0 = Debug|Any CPU
		{75B3B489-E652-4160-A6D6-D3763862AC8C}.Release|Any CPU.ActiveCfg = Release|Any CPU
		{75B3B489-E652-4160-A6D6-D3763862AC8C}.Release|Any CPU.Build.0 = Release|Any CPU
		{8AA5B737-57B6-4FD2-A7A9-F792002033A0}.Debug|Any CPU.ActiveCfg = Debug|Any CPU
		{8AA5B737-57B6-4FD2-A7A9-F792002033A0}.Debug|Any CPU.Build.0 = Debug|Any CPU
		{8AA5B737-57B6-4FD2-A7A9-F792002033A0}.Release|Any CPU.ActiveCfg = Release|Any CPU
		{8AA5B737-57B6-4FD2-A7A9-F792002033A0}.Release|Any CPU.Build.0 = Release|Any CPU
		{18635E2C-62D8-4241-AF33-C6549B1F9AA6}.Debug|Any CPU.ActiveCfg = Debug|Any CPU
		{18635E2C-62D8-4241-AF33-C6549B1F9AA6}.Debug|Any CPU.Build.0 = Debug|Any CPU
		{18635E2C-62D8-4241-AF33-C6549B1F9AA6}.Release|Any CPU.ActiveCfg = Release|Any CPU
		{18635E2C-62D8-4241-AF33-C6549B1F9AA6}.Release|Any CPU.Build.0 = Release|Any CPU
		{DE4012EA-2AD4-429F-8B33-CBB64C1DEBF6}.Debug|Any CPU.ActiveCfg = Debug|Any CPU
		{DE4012EA-2AD4-429F-8B33-CBB64C1DEBF6}.Debug|Any CPU.Build.0 = Debug|Any CPU
		{DE4012EA-2AD4-429F-8B33-CBB64C1DEBF6}.Release|Any CPU.ActiveCfg = Release|Any CPU
		{DE4012EA-2AD4-429F-8B33-CBB64C1DEBF6}.Release|Any CPU.Build.0 = Release|Any CPU
		{6192B666-B61A-4D83-8901-A8A05BA8E072}.Debug|Any CPU.ActiveCfg = Debug|Any CPU
		{6192B666-B61A-4D83-8901-A8A05BA8E072}.Debug|Any CPU.Build.0 = Debug|Any CPU
		{6192B666-B61A-4D83-8901-A8A05BA8E072}.Release|Any CPU.ActiveCfg = Release|Any CPU
		{6192B666-B61A-4D83-8901-A8A05BA8E072}.Release|Any CPU.Build.0 = Release|Any CPU
		{E82434B7-1210-4AF7-9141-0F98B4DDFA40}.Debug|Any CPU.ActiveCfg = Debug|Any CPU
		{E82434B7-1210-4AF7-9141-0F98B4DDFA40}.Debug|Any CPU.Build.0 = Debug|Any CPU
		{E82434B7-1210-4AF7-9141-0F98B4DDFA40}.Release|Any CPU.ActiveCfg = Release|Any CPU
		{E82434B7-1210-4AF7-9141-0F98B4DDFA40}.Release|Any CPU.Build.0 = Release|Any CPU
		{22108424-FB08-46B6-887A-E0F3303FD876}.Debug|Any CPU.ActiveCfg = Debug|Any CPU
		{22108424-FB08-46B6-887A-E0F3303FD876}.Debug|Any CPU.Build.0 = Debug|Any CPU
		{22108424-FB08-46B6-887A-E0F3303FD876}.Release|Any CPU.ActiveCfg = Release|Any CPU
		{22108424-FB08-46B6-887A-E0F3303FD876}.Release|Any CPU.Build.0 = Release|Any CPU
	EndGlobalSection
	GlobalSection(NestedProjects) = preSolution
		{5672AA40-7646-4CBF-87B6-2A50201956D3} = {6C24A6B5-7825-43FA-AA21-53E7BBF12CC4}
		{22D2CDE4-3BF2-4E21-9070-372B7183589C} = {B03C6F78-D2ED-4446-A08A-B55F4A3A75C9}
		{2535F8E1-1468-46C8-81DB-03B97221B860} = {B03C6F78-D2ED-4446-A08A-B55F4A3A75C9}
		{75B3B489-E652-4160-A6D6-D3763862AC8C} = {2665B517-A8C5-41DF-A9A0-4B0A1E10AA0F}
		{8AA5B737-57B6-4FD2-A7A9-F792002033A0} = {D6F6AF7F-E229-4936-977B-36E289133B37}
		{18635E2C-62D8-4241-AF33-C6549B1F9AA6} = {2665B517-A8C5-41DF-A9A0-4B0A1E10AA0F}
		{DE4012EA-2AD4-429F-8B33-CBB64C1DEBF6} = {2665B517-A8C5-41DF-A9A0-4B0A1E10AA0F}
		{6192B666-B61A-4D83-8901-A8A05BA8E072} = {B03C6F78-D2ED-4446-A08A-B55F4A3A75C9}
		{E82434B7-1210-4AF7-9141-0F98B4DDFA40} = {D6F6AF7F-E229-4936-977B-36E289133B37}
		{22108424-FB08-46B6-887A-E0F3303FD876} = {ECF5197F-102E-4223-819B-4D8B144BED4B}
	EndGlobalSection
EndGlobal
