
Microsoft Visual Studio Solution File, Format Version 12.00
Project("{FAE04EC0-301F-11D3-BF4B-00C04F79EFBC}") = "TestHelloWorld", "TestHelloWorld\TestHelloWorld.csproj", "{C55FAF52-6EC6-46D1-8DEB-95246878AFA1}"
EndProject
Global
	GlobalSection(SolutionConfigurationPlatforms) = preSolution
		Debug|Any CPU = Debug|Any CPU
		Release|Any CPU = Release|Any CPU
	EndGlobalSection
	GlobalSection(ProjectConfigurationPlatforms) = postSolution
		{C55FAF52-6EC6-46D1-8DEB-95246878AFA1}.Debug|Any CPU.ActiveCfg = Debug|Any CPU
		{C55FAF52-6EC6-46D1-8DEB-95246878AFA1}.Debug|Any CPU.Build.0 = Debug|Any CPU
		{C55FAF52-6EC6-46D1-8DEB-95246878AFA1}.Release|Any CPU.ActiveCfg = Release|Any CPU
		{C55FAF52-6EC6-46D1-8DEB-95246878AFA1}.Release|Any CPU.Build.0 = Release|Any CPU
	EndGlobalSection
EndGlobal
